
Microsoft Visual Studio Solution File, Format Version 12.00
# Visual Studio 14
VisualStudioVersion = 14.0.25420.1
MinimumVisualStudioVersion = 10.0.40219.1
Project("{FAE04EC0-301F-11D3-BF4B-00C04F79EFBC}") = "ttoc_login", "testsddddzaxcdvv\ttoc_login.csproj", "{BCAA59BB-2CD1-4832-901D-1D960451D3CE}"
EndProject
Global
	GlobalSection(SolutionConfigurationPlatforms) = preSolution
		Debug|Any CPU = Debug|Any CPU
		Release|Any CPU = Release|Any CPU
	EndGlobalSection
	GlobalSection(ProjectConfigurationPlatforms) = postSolution
		{BCAA59BB-2CD1-4832-901D-1D960451D3CE}.Debug|Any CPU.ActiveCfg = Debug|Any CPU
		{BCAA59BB-2CD1-4832-901D-1D960451D3CE}.Debug|Any CPU.Build.0 = Debug|Any CPU
		{BCAA59BB-2CD1-4832-901D-1D960451D3CE}.Release|Any CPU.ActiveCfg = Release|Any CPU
		{BCAA59BB-2CD1-4832-901D-1D960451D3CE}.Release|Any CPU.Build.0 = Release|Any CPU
	EndGlobalSection
	GlobalSection(SolutionProperties) = preSolution
		HideSolutionNode = FALSE
	EndGlobalSection
EndGlobal
